
Microsoft Visual Studio Solution File, Format Version 12.00
# Visual Studio Version 17
VisualStudioVersion = 17.2.32505.173
MinimumVisualStudioVersion = 10.0.40219.1
Project("{FAE04EC0-301F-11D3-BF4B-00C04F79EFBC}") = "HomeWork3.Fractions", "HomeWork3.Fractions\HomeWork3.Fractions.csproj", "{2717EB42-EBEF-4AFE-B094-37913745799D}"
EndProject
Project("{FAE04EC0-301F-11D3-BF4B-00C04F79EFBC}") = "HomeWork.Money", "HomeWork.Money\HomeWork.Money.csproj", "{F6F09BA6-6122-4445-BCD2-100FC565D90B}"
EndProject
Global
	GlobalSection(SolutionConfigurationPlatforms) = preSolution
		Debug|Any CPU = Debug|Any CPU
		Release|Any CPU = Release|Any CPU
	EndGlobalSection
	GlobalSection(ProjectConfigurationPlatforms) = postSolution
		{2717EB42-EBEF-4AFE-B094-37913745799D}.Debug|Any CPU.ActiveCfg = Debug|Any CPU
		{2717EB42-EBEF-4AFE-B094-37913745799D}.Debug|Any CPU.Build.0 = Debug|Any CPU
		{2717EB42-EBEF-4AFE-B094-37913745799D}.Release|Any CPU.ActiveCfg = Release|Any CPU
		{2717EB42-EBEF-4AFE-B094-37913745799D}.Release|Any CPU.Build.0 = Release|Any CPU
		{F6F09BA6-6122-4445-BCD2-100FC565D90B}.Debug|Any CPU.ActiveCfg = Debug|Any CPU
		{F6F09BA6-6122-4445-BCD2-100FC565D90B}.Debug|Any CPU.Build.0 = Debug|Any CPU
		{F6F09BA6-6122-4445-BCD2-100FC565D90B}.Release|Any CPU.ActiveCfg = Release|Any CPU
		{F6F09BA6-6122-4445-BCD2-100FC565D90B}.Release|Any CPU.Build.0 = Release|Any CPU
	EndGlobalSection
	GlobalSection(SolutionProperties) = preSolution
		HideSolutionNode = FALSE
	EndGlobalSection
	GlobalSection(ExtensibilityGlobals) = postSolution
		SolutionGuid = {5353C187-0026-4F99-8708-377F855C073B}
	EndGlobalSection
EndGlobal
